
Microsoft Visual Studio Solution File, Format Version 12.00
# Visual Studio Version 17
VisualStudioVersion = 17.3.32929.385
MinimumVisualStudioVersion = 10.0.40219.1
Project("{9A19103F-16F7-4668-BE54-9A1E7A4F7556}") = "PlaywrightTokenAcquisition", "PlaywrightTokenAcquisition.csproj", "{2F13377C-1B79-4AA5-AA7F-96579AFF1017}"
EndProject
Global
	GlobalSection(SolutionConfigurationPlatforms) = preSolution
		Debug|Any CPU = Debug|Any CPU
		Release|Any CPU = Release|Any CPU
	EndGlobalSection
	GlobalSection(ProjectConfigurationPlatforms) = postSolution
		{2F13377C-1B79-4AA5-AA7F-96579AFF1017}.Debug|Any CPU.ActiveCfg = Debug|Any CPU
		{2F13377C-1B79-4AA5-AA7F-96579AFF1017}.Debug|Any CPU.Build.0 = Debug|Any CPU
		{2F13377C-1B79-4AA5-AA7F-96579AFF1017}.Release|Any CPU.ActiveCfg = Release|Any CPU
		{2F13377C-1B79-4AA5-AA7F-96579AFF1017}.Release|Any CPU.Build.0 = Release|Any CPU
	EndGlobalSection
	GlobalSection(SolutionProperties) = preSolution
		HideSolutionNode = FALSE
	EndGlobalSection
	GlobalSection(ExtensibilityGlobals) = postSolution
		SolutionGuid = {FE573B94-1388-4033-832F-A0A6E789A92C}
	EndGlobalSection
EndGlobal
